
Microsoft Visual Studio Solution File, Format Version 12.00
# Visual Studio 15
VisualStudioVersion = 15.0.26730.12
MinimumVisualStudioVersion = 10.0.40219.1
Project("{FAE04EC0-301F-11D3-BF4B-00C04F79EFBC}") = "ChallengeMegaCasino", "ChallengeMegaCasino\ChallengeMegaCasino.csproj", "{DC08788F-617D-4F76-8CBB-51B2A3EAAEE8}"
EndProject
Global
	GlobalSection(SolutionConfigurationPlatforms) = preSolution
		Debug|Any CPU = Debug|Any CPU
		Release|Any CPU = Release|Any CPU
	EndGlobalSection
	GlobalSection(ProjectConfigurationPlatforms) = postSolution
		{DC08788F-617D-4F76-8CBB-51B2A3EAAEE8}.Debug|Any CPU.ActiveCfg = Debug|Any CPU
		{DC08788F-617D-4F76-8CBB-51B2A3EAAEE8}.Debug|Any CPU.Build.0 = Debug|Any CPU
		{DC08788F-617D-4F76-8CBB-51B2A3EAAEE8}.Release|Any CPU.ActiveCfg = Release|Any CPU
		{DC08788F-617D-4F76-8CBB-51B2A3EAAEE8}.Release|Any CPU.Build.0 = Release|Any CPU
	EndGlobalSection
	GlobalSection(SolutionProperties) = preSolution
		HideSolutionNode = FALSE
	EndGlobalSection
	GlobalSection(ExtensibilityGlobals) = postSolution
		SolutionGuid = {1AE81765-C6A0-48FB-955E-DB0BCAE6FA7E}
	EndGlobalSection
EndGlobal
